// !$*UTF8*$!
{
	archiveVersion = 1;
	classes = {
	};
	objectVersion = 50;
	objects = {

/* Begin PBXBuildFile section */
		26AC4CA5258FC74E0070636C /* Extensions.swift in Sources */ = {isa = PBXBuildFile; fileRef = 26AC4CA4258FC74E0070636C /* Extensions.swift */; };
		26E691C725923426006526CE /* SuggestionsView.swift in Sources */ = {isa = PBXBuildFile; fileRef = 26E691C625923426006526CE /* SuggestionsView.swift */; };
		FF2E93A7258FA53200465960 /* GroceriesModel.swift in Sources */ = {isa = PBXBuildFile; fileRef = FF2E93A6258FA53200465960 /* GroceriesModel.swift */; };
		FF467DF8257E5F3A005C8F97 /* EinkaufslisteApp.swift in Sources */ = {isa = PBXBuildFile; fileRef = FF467DF7257E5F3A005C8F97 /* EinkaufslisteApp.swift */; };
		FF467DFA257E5F3A005C8F97 /* ContentView.swift in Sources */ = {isa = PBXBuildFile; fileRef = FF467DF9257E5F3A005C8F97 /* ContentView.swift */; };
		FF467DFC257E5F3B005C8F97 /* Assets.xcassets in Resources */ = {isa = PBXBuildFile; fileRef = FF467DFB257E5F3B005C8F97 /* Assets.xcassets */; };
		FF467DFF257E5F3B005C8F97 /* Preview Assets.xcassets in Resources */ = {isa = PBXBuildFile; fileRef = FF467DFE257E5F3B005C8F97 /* Preview Assets.xcassets */; };
		FF467E0A257E5F3B005C8F97 /* EinkaufslisteTests.swift in Sources */ = {isa = PBXBuildFile; fileRef = FF467E09257E5F3B005C8F97 /* EinkaufslisteTests.swift */; };
		FF467E15257E5F3B005C8F97 /* EinkaufslisteUITests.swift in Sources */ = {isa = PBXBuildFile; fileRef = FF467E14257E5F3B005C8F97 /* EinkaufslisteUITests.swift */; };
/* End PBXBuildFile section */

/* Begin PBXContainerItemProxy section */
		FF467E06257E5F3B005C8F97 /* PBXContainerItemProxy */ = {
			isa = PBXContainerItemProxy;
			containerPortal = FF467DEC257E5F3A005C8F97 /* Project object */;
			proxyType = 1;
			remoteGlobalIDString = FF467DF3257E5F3A005C8F97;
			remoteInfo = Einkaufsliste;
		};
		FF467E11257E5F3B005C8F97 /* PBXContainerItemProxy */ = {
			isa = PBXContainerItemProxy;
			containerPortal = FF467DEC257E5F3A005C8F97 /* Project object */;
			proxyType = 1;
			remoteGlobalIDString = FF467DF3257E5F3A005C8F97;
			remoteInfo = Einkaufsliste;
		};
/* End PBXContainerItemProxy section */

/* Begin PBXFileReference section */
		26AC4CA4258FC74E0070636C /* Extensions.swift */ = {isa = PBXFileReference; lastKnownFileType = sourcecode.swift; path = Extensions.swift; sourceTree = "<group>"; };
		26E691C625923426006526CE /* SuggestionsView.swift */ = {isa = PBXFileReference; lastKnownFileType = sourcecode.swift; path = SuggestionsView.swift; sourceTree = "<group>"; };
		FF2E93A6258FA53200465960 /* GroceriesModel.swift */ = {isa = PBXFileReference; lastKnownFileType = sourcecode.swift; path = GroceriesModel.swift; sourceTree = "<group>"; };
		FF467DF4257E5F3A005C8F97 /* Einkaufsliste.app */ = {isa = PBXFileReference; explicitFileType = wrapper.application; includeInIndex = 0; path = Einkaufsliste.app; sourceTree = BUILT_PRODUCTS_DIR; };
		FF467DF7257E5F3A005C8F97 /* EinkaufslisteApp.swift */ = {isa = PBXFileReference; lastKnownFileType = sourcecode.swift; path = EinkaufslisteApp.swift; sourceTree = "<group>"; };
		FF467DF9257E5F3A005C8F97 /* ContentView.swift */ = {isa = PBXFileReference; lastKnownFileType = sourcecode.swift; path = ContentView.swift; sourceTree = "<group>"; };
		FF467DFB257E5F3B005C8F97 /* Assets.xcassets */ = {isa = PBXFileReference; lastKnownFileType = folder.assetcatalog; path = Assets.xcassets; sourceTree = "<group>"; };
		FF467DFE257E5F3B005C8F97 /* Preview Assets.xcassets */ = {isa = PBXFileReference; lastKnownFileType = folder.assetcatalog; path = "Preview Assets.xcassets"; sourceTree = "<group>"; };
		FF467E00257E5F3B005C8F97 /* Info.plist */ = {isa = PBXFileReference; lastKnownFileType = text.plist.xml; path = Info.plist; sourceTree = "<group>"; };
		FF467E05257E5F3B005C8F97 /* EinkaufslisteTests.xctest */ = {isa = PBXFileReference; explicitFileType = wrapper.cfbundle; includeInIndex = 0; path = EinkaufslisteTests.xctest; sourceTree = BUILT_PRODUCTS_DIR; };
		FF467E09257E5F3B005C8F97 /* EinkaufslisteTests.swift */ = {isa = PBXFileReference; lastKnownFileType = sourcecode.swift; path = EinkaufslisteTests.swift; sourceTree = "<group>"; };
		FF467E0B257E5F3B005C8F97 /* Info.plist */ = {isa = PBXFileReference; lastKnownFileType = text.plist.xml; path = Info.plist; sourceTree = "<group>"; };
		FF467E10257E5F3B005C8F97 /* EinkaufslisteUITests.xctest */ = {isa = PBXFileReference; explicitFileType = wrapper.cfbundle; includeInIndex = 0; path = EinkaufslisteUITests.xctest; sourceTree = BUILT_PRODUCTS_DIR; };
		FF467E14257E5F3B005C8F97 /* EinkaufslisteUITests.swift */ = {isa = PBXFileReference; lastKnownFileType = sourcecode.swift; path = EinkaufslisteUITests.swift; sourceTree = "<group>"; };
		FF467E16257E5F3B005C8F97 /* Info.plist */ = {isa = PBXFileReference; lastKnownFileType = text.plist.xml; path = Info.plist; sourceTree = "<group>"; };
/* End PBXFileReference section */

/* Begin PBXFrameworksBuildPhase section */
		FF467DF1257E5F3A005C8F97 /* Frameworks */ = {
			isa = PBXFrameworksBuildPhase;
			buildActionMask = 2147483647;
			files = (
			);
			runOnlyForDeploymentPostprocessing = 0;
		};
		FF467E02257E5F3B005C8F97 /* Frameworks */ = {
			isa = PBXFrameworksBuildPhase;
			buildActionMask = 2147483647;
			files = (
			);
			runOnlyForDeploymentPostprocessing = 0;
		};
		FF467E0D257E5F3B005C8F97 /* Frameworks */ = {
			isa = PBXFrameworksBuildPhase;
			buildActionMask = 2147483647;
			files = (
			);
			runOnlyForDeploymentPostprocessing = 0;
		};
/* End PBXFrameworksBuildPhase section */

/* Begin PBXGroup section */
		FF467DEB257E5F3A005C8F97 = {
			isa = PBXGroup;
			children = (
				FF467DF6257E5F3A005C8F97 /* Einkaufsliste */,
				FF467E08257E5F3B005C8F97 /* EinkaufslisteTests */,
				FF467E13257E5F3B005C8F97 /* EinkaufslisteUITests */,
				FF467DF5257E5F3A005C8F97 /* Products */,
			);
			sourceTree = "<group>";
		};
		FF467DF5257E5F3A005C8F97 /* Products */ = {
			isa = PBXGroup;
			children = (
				FF467DF4257E5F3A005C8F97 /* Einkaufsliste.app */,
				FF467E05257E5F3B005C8F97 /* EinkaufslisteTests.xctest */,
				FF467E10257E5F3B005C8F97 /* EinkaufslisteUITests.xctest */,
			);
			name = Products;
			sourceTree = "<group>";
		};
		FF467DF6257E5F3A005C8F97 /* Einkaufsliste */ = {
			isa = PBXGroup;
			children = (
				FF467DF7257E5F3A005C8F97 /* EinkaufslisteApp.swift */,
				FF2E93A6258FA53200465960 /* GroceriesModel.swift */,
				FF467DF9257E5F3A005C8F97 /* ContentView.swift */,
				26E691C625923426006526CE /* SuggestionsView.swift */,
				26AC4CA4258FC74E0070636C /* Extensions.swift */,
				FF467DFB257E5F3B005C8F97 /* Assets.xcassets */,
				FF467E00257E5F3B005C8F97 /* Info.plist */,
				FF467DFD257E5F3B005C8F97 /* Preview Content */,
			);
			path = Einkaufsliste;
			sourceTree = "<group>";
		};
		FF467DFD257E5F3B005C8F97 /* Preview Content */ = {
			isa = PBXGroup;
			children = (
				FF467DFE257E5F3B005C8F97 /* Preview Assets.xcassets */,
			);
			path = "Preview Content";
			sourceTree = "<group>";
		};
		FF467E08257E5F3B005C8F97 /* EinkaufslisteTests */ = {
			isa = PBXGroup;
			children = (
				FF467E09257E5F3B005C8F97 /* EinkaufslisteTests.swift */,
				FF467E0B257E5F3B005C8F97 /* Info.plist */,
			);
			path = EinkaufslisteTests;
			sourceTree = "<group>";
		};
		FF467E13257E5F3B005C8F97 /* EinkaufslisteUITests */ = {
			isa = PBXGroup;
			children = (
				FF467E14257E5F3B005C8F97 /* EinkaufslisteUITests.swift */,
				FF467E16257E5F3B005C8F97 /* Info.plist */,
			);
			path = EinkaufslisteUITests;
			sourceTree = "<group>";
		};
/* End PBXGroup section */

/* Begin PBXNativeTarget section */
		FF467DF3257E5F3A005C8F97 /* Einkaufsliste */ = {
			isa = PBXNativeTarget;
			buildConfigurationList = FF467E19257E5F3B005C8F97 /* Build configuration list for PBXNativeTarget "Einkaufsliste" */;
			buildPhases = (
				FF467DF0257E5F3A005C8F97 /* Sources */,
				FF467DF1257E5F3A005C8F97 /* Frameworks */,
				FF467DF2257E5F3A005C8F97 /* Resources */,
			);
			buildRules = (
			);
			dependencies = (
			);
			name = Einkaufsliste;
			productName = Einkaufsliste;
			productReference = FF467DF4257E5F3A005C8F97 /* Einkaufsliste.app */;
			productType = "com.apple.product-type.application";
		};
		FF467E04257E5F3B005C8F97 /* EinkaufslisteTests */ = {
			isa = PBXNativeTarget;
			buildConfigurationList = FF467E1C257E5F3B005C8F97 /* Build configuration list for PBXNativeTarget "EinkaufslisteTests" */;
			buildPhases = (
				FF467E01257E5F3B005C8F97 /* Sources */,
				FF467E02257E5F3B005C8F97 /* Frameworks */,
				FF467E03257E5F3B005C8F97 /* Resources */,
			);
			buildRules = (
			);
			dependencies = (
				FF467E07257E5F3B005C8F97 /* PBXTargetDependency */,
			);
			name = EinkaufslisteTests;
			productName = EinkaufslisteTests;
			productReference = FF467E05257E5F3B005C8F97 /* EinkaufslisteTests.xctest */;
			productType = "com.apple.product-type.bundle.unit-test";
		};
		FF467E0F257E5F3B005C8F97 /* EinkaufslisteUITests */ = {
			isa = PBXNativeTarget;
			buildConfigurationList = FF467E1F257E5F3B005C8F97 /* Build configuration list for PBXNativeTarget "EinkaufslisteUITests" */;
			buildPhases = (
				FF467E0C257E5F3B005C8F97 /* Sources */,
				FF467E0D257E5F3B005C8F97 /* Frameworks */,
				FF467E0E257E5F3B005C8F97 /* Resources */,
			);
			buildRules = (
			);
			dependencies = (
				FF467E12257E5F3B005C8F97 /* PBXTargetDependency */,
			);
			name = EinkaufslisteUITests;
			productName = EinkaufslisteUITests;
			productReference = FF467E10257E5F3B005C8F97 /* EinkaufslisteUITests.xctest */;
			productType = "com.apple.product-type.bundle.ui-testing";
		};
/* End PBXNativeTarget section */

/* Begin PBXProject section */
		FF467DEC257E5F3A005C8F97 /* Project object */ = {
			isa = PBXProject;
			attributes = {
				LastSwiftUpdateCheck = 1220;
				LastUpgradeCheck = 1220;
				TargetAttributes = {
					FF467DF3257E5F3A005C8F97 = {
						CreatedOnToolsVersion = 12.2;
					};
					FF467E04257E5F3B005C8F97 = {
						CreatedOnToolsVersion = 12.2;
						TestTargetID = FF467DF3257E5F3A005C8F97;
					};
					FF467E0F257E5F3B005C8F97 = {
						CreatedOnToolsVersion = 12.2;
						TestTargetID = FF467DF3257E5F3A005C8F97;
					};
				};
			};
			buildConfigurationList = FF467DEF257E5F3A005C8F97 /* Build configuration list for PBXProject "Einkaufsliste" */;
			compatibilityVersion = "Xcode 9.3";
			developmentRegion = en;
			hasScannedForEncodings = 0;
			knownRegions = (
				en,
				Base,
			);
			mainGroup = FF467DEB257E5F3A005C8F97;
			productRefGroup = FF467DF5257E5F3A005C8F97 /* Products */;
			projectDirPath = "";
			projectRoot = "";
			targets = (
				FF467DF3257E5F3A005C8F97 /* Einkaufsliste */,
				FF467E04257E5F3B005C8F97 /* EinkaufslisteTests */,
				FF467E0F257E5F3B005C8F97 /* EinkaufslisteUITests */,
			);
		};
/* End PBXProject section */

/* Begin PBXResourcesBuildPhase section */
		FF467DF2257E5F3A005C8F97 /* Resources */ = {
			isa = PBXResourcesBuildPhase;
			buildActionMask = 2147483647;
			files = (
				FF467DFF257E5F3B005C8F97 /* Preview Assets.xcassets in Resources */,
				FF467DFC257E5F3B005C8F97 /* Assets.xcassets in Resources */,
			);
			runOnlyForDeploymentPostprocessing = 0;
		};
		FF467E03257E5F3B005C8F97 /* Resources */ = {
			isa = PBXResourcesBuildPhase;
			buildActionMask = 2147483647;
			files = (
			);
			runOnlyForDeploymentPostprocessing = 0;
		};
		FF467E0E257E5F3B005C8F97 /* Resources */ = {
			isa = PBXResourcesBuildPhase;
			buildActionMask = 2147483647;
			files = (
			);
			runOnlyForDeploymentPostprocessing = 0;
		};
/* End PBXResourcesBuildPhase section */

/* Begin PBXSourcesBuildPhase section */
		FF467DF0257E5F3A005C8F97 /* Sources */ = {
			isa = PBXSourcesBuildPhase;
			buildActionMask = 2147483647;
			files = (
				26E691C725923426006526CE /* SuggestionsView.swift in Sources */,
				FF467DFA257E5F3A005C8F97 /* ContentView.swift in Sources */,
				FF467DF8257E5F3A005C8F97 /* EinkaufslisteApp.swift in Sources */,
				FF2E93A7258FA53200465960 /* GroceriesModel.swift in Sources */,
				26AC4CA5258FC74E0070636C /* Extensions.swift in Sources */,
			);
			runOnlyForDeploymentPostprocessing = 0;
		};
		FF467E01257E5F3B005C8F97 /* Sources */ = {
			isa = PBXSourcesBuildPhase;
			buildActionMask = 2147483647;
			files = (
				FF467E0A257E5F3B005C8F97 /* EinkaufslisteTests.swift in Sources */,
			);
			runOnlyForDeploymentPostprocessing = 0;
		};
		FF467E0C257E5F3B005C8F97 /* Sources */ = {
			isa = PBXSourcesBuildPhase;
			buildActionMask = 2147483647;
			files = (
				FF467E15257E5F3B005C8F97 /* EinkaufslisteUITests.swift in Sources */,
			);
			runOnlyForDeploymentPostprocessing = 0;
		};
/* End PBXSourcesBuildPhase section */

/* Begin PBXTargetDependency section */
		FF467E07257E5F3B005C8F97 /* PBXTargetDependency */ = {
			isa = PBXTargetDependency;
			target = FF467DF3257E5F3A005C8F97 /* Einkaufsliste */;
			targetProxy = FF467E06257E5F3B005C8F97 /* PBXContainerItemProxy */;
		};
		FF467E12257E5F3B005C8F97 /* PBXTargetDependency */ = {
			isa = PBXTargetDependency;
			target = FF467DF3257E5F3A005C8F97 /* Einkaufsliste */;
			targetProxy = FF467E11257E5F3B005C8F97 /* PBXContainerItemProxy */;
		};
/* End PBXTargetDependency section */

/* Begin XCBuildConfiguration section */
		FF467E17257E5F3B005C8F97 /* Debug */ = {
			isa = XCBuildConfiguration;
			buildSettings = {
				ALWAYS_SEARCH_USER_PATHS = NO;
				CLANG_ANALYZER_NONNULL = YES;
				CLANG_ANALYZER_NUMBER_OBJECT_CONVERSION = YES_AGGRESSIVE;
				CLANG_CXX_LANGUAGE_STANDARD = "gnu++14";
				CLANG_CXX_LIBRARY = "libc++";
				CLANG_ENABLE_MODULES = YES;
				CLANG_ENABLE_OBJC_ARC = YES;
				CLANG_ENABLE_OBJC_WEAK = YES;
				CLANG_WARN_BLOCK_CAPTURE_AUTORELEASING = YES;
				CLANG_WARN_BOOL_CONVERSION = YES;
				CLANG_WARN_COMMA = YES;
				CLANG_WARN_CONSTANT_CONVERSION = YES;
				CLANG_WARN_DEPRECATED_OBJC_IMPLEMENTATIONS = YES;
				CLANG_WARN_DIRECT_OBJC_ISA_USAGE = YES_ERROR;
				CLANG_WARN_DOCUMENTATION_COMMENTS = YES;
				CLANG_WARN_EMPTY_BODY = YES;
				CLANG_WARN_ENUM_CONVERSION = YES;
				CLANG_WARN_INFINITE_RECURSION = YES;
				CLANG_WARN_INT_CONVERSION = YES;
				CLANG_WARN_NON_LITERAL_NULL_CONVERSION = YES;
				CLANG_WARN_OBJC_IMPLICIT_RETAIN_SELF = YES;
				CLANG_WARN_OBJC_LITERAL_CONVERSION = YES;
				CLANG_WARN_OBJC_ROOT_CLASS = YES_ERROR;
				CLANG_WARN_QUOTED_INCLUDE_IN_FRAMEWORK_HEADER = YES;
				CLANG_WARN_RANGE_LOOP_ANALYSIS = YES;
				CLANG_WARN_STRICT_PROTOTYPES = YES;
				CLANG_WARN_SUSPICIOUS_MOVE = YES;
				CLANG_WARN_UNGUARDED_AVAILABILITY = YES_AGGRESSIVE;
				CLANG_WARN_UNREACHABLE_CODE = YES;
				CLANG_WARN__DUPLICATE_METHOD_MATCH = YES;
				COPY_PHASE_STRIP = NO;
				DEBUG_INFORMATION_FORMAT = dwarf;
				ENABLE_STRICT_OBJC_MSGSEND = YES;
				ENABLE_TESTABILITY = YES;
				GCC_C_LANGUAGE_STANDARD = gnu11;
				GCC_DYNAMIC_NO_PIC = NO;
				GCC_NO_COMMON_BLOCKS = YES;
				GCC_OPTIMIZATION_LEVEL = 0;
				GCC_PREPROCESSOR_DEFINITIONS = (
					"DEBUG=1",
					"$(inherited)",
				);
				GCC_WARN_64_TO_32_BIT_CONVERSION = YES;
				GCC_WARN_ABOUT_RETURN_TYPE = YES_ERROR;
				GCC_WARN_UNDECLARED_SELECTOR = YES;
				GCC_WARN_UNINITIALIZED_AUTOS = YES_AGGRESSIVE;
				GCC_WARN_UNUSED_FUNCTION = YES;
				GCC_WARN_UNUSED_VARIABLE = YES;
				IPHONEOS_DEPLOYMENT_TARGET = 14.2;
				MTL_ENABLE_DEBUG_INFO = INCLUDE_SOURCE;
				MTL_FAST_MATH = YES;
				ONLY_ACTIVE_ARCH = YES;
				SDKROOT = iphoneos;
				SWIFT_ACTIVE_COMPILATION_CONDITIONS = DEBUG;
				SWIFT_OPTIMIZATION_LEVEL = "-Onone";
			};
			name = Debug;
		};
		FF467E18257E5F3B005C8F97 /* Release */ = {
			isa = XCBuildConfiguration;
			buildSettings = {
				ALWAYS_SEARCH_USER_PATHS = NO;
				CLANG_ANALYZER_NONNULL = YES;
				CLANG_ANALYZER_NUMBER_OBJECT_CONVERSION = YES_AGGRESSIVE;
				CLANG_CXX_LANGUAGE_STANDARD = "gnu++14";
				CLANG_CXX_LIBRARY = "libc++";
				CLANG_ENABLE_MODULES = YES;
				CLANG_ENABLE_OBJC_ARC = YES;
				CLANG_ENABLE_OBJC_WEAK = YES;
				CLANG_WARN_BLOCK_CAPTURE_AUTORELEASING = YES;
				CLANG_WARN_BOOL_CONVERSION = YES;
				CLANG_WARN_COMMA = YES;
				CLANG_WARN_CONSTANT_CONVERSION = YES;
				CLANG_WARN_DEPRECATED_OBJC_IMPLEMENTATIONS = YES;
				CLANG_WARN_DIRECT_OBJC_ISA_USAGE = YES_ERROR;
				CLANG_WARN_DOCUMENTATION_COMMENTS = YES;
				CLANG_WARN_EMPTY_BODY = YES;
				CLANG_WARN_ENUM_CONVERSION = YES;
				CLANG_WARN_INFINITE_RECURSION = YES;
				CLANG_WARN_INT_CONVERSION = YES;
				CLANG_WARN_NON_LITERAL_NULL_CONVERSION = YES;
				CLANG_WARN_OBJC_IMPLICIT_RETAIN_SELF = YES;
				CLANG_WARN_OBJC_LITERAL_CONVERSION = YES;
				CLANG_WARN_OBJC_ROOT_CLASS = YES_ERROR;
				CLANG_WARN_QUOTED_INCLUDE_IN_FRAMEWORK_HEADER = YES;
				CLANG_WARN_RANGE_LOOP_ANALYSIS = YES;
				CLANG_WARN_STRICT_PROTOTYPES = YES;
				CLANG_WARN_SUSPICIOUS_MOVE = YES;
				CLANG_WARN_UNGUARDED_AVAILABILITY = YES_AGGRESSIVE;
				CLANG_WARN_UNREACHABLE_CODE = YES;
				CLANG_WARN__DUPLICATE_METHOD_MATCH = YES;
				COPY_PHASE_STRIP = NO;
				DEBUG_INFORMATION_FORMAT = "dwarf-with-dsym";
				ENABLE_NS_ASSERTIONS = NO;
				ENABLE_STRICT_OBJC_MSGSEND = YES;
				GCC_C_LANGUAGE_STANDARD = gnu11;
				GCC_NO_COMMON_BLOCKS = YES;
				GCC_WARN_64_TO_32_BIT_CONVERSION = YES;
				GCC_WARN_ABOUT_RETURN_TYPE = YES_ERROR;
				GCC_WARN_UNDECLARED_SELECTOR = YES;
				GCC_WARN_UNINITIALIZED_AUTOS = YES_AGGRESSIVE;
				GCC_WARN_UNUSED_FUNCTION = YES;
				GCC_WARN_UNUSED_VARIABLE = YES;
				IPHONEOS_DEPLOYMENT_TARGET = 14.2;
				MTL_ENABLE_DEBUG_INFO = NO;
				MTL_FAST_MATH = YES;
				SDKROOT = iphoneos;
				SWIFT_COMPILATION_MODE = wholemodule;
				SWIFT_OPTIMIZATION_LEVEL = "-O";
				VALIDATE_PRODUCT = YES;
			};
			name = Release;
		};
		FF467E1A257E5F3B005C8F97 /* Debug */ = {
			isa = XCBuildConfiguration;
			buildSettings = {
				ASSETCATALOG_COMPILER_APPICON_NAME = AppIcon;
				ASSETCATALOG_COMPILER_GLOBAL_ACCENT_COLOR_NAME = AccentColor;
				CODE_SIGN_STYLE = Automatic;
				DEVELOPMENT_ASSET_PATHS = "\"Einkaufsliste/Preview Content\"";
				DEVELOPMENT_TEAM = XJMY4FG26P;
				ENABLE_PREVIEWS = YES;
				INFOPLIST_FILE = Einkaufsliste/Info.plist;
				IPHONEOS_DEPLOYMENT_TARGET = 14.0;
				LD_RUNPATH_SEARCH_PATHS = (
					"$(inherited)",
					"@executable_path/Frameworks",
				);
				PRODUCT_BUNDLE_IDENTIFIER = com.frederikvdveen.Einkaufsliste;
				PRODUCT_NAME = "$(TARGET_NAME)";
				SWIFT_VERSION = 5.0;
				TARGETED_DEVICE_FAMILY = "1,2";
			};
			name = Debug;
		};
		FF467E1B257E5F3B005C8F97 /* Release */ = {
			isa = XCBuildConfiguration;
			buildSettings = {
				ASSETCATALOG_COMPILER_APPICON_NAME = AppIcon;
				ASSETCATALOG_COMPILER_GLOBAL_ACCENT_COLOR_NAME = AccentColor;
				CODE_SIGN_STYLE = Automatic;
				DEVELOPMENT_ASSET_PATHS = "\"Einkaufsliste/Preview Content\"";
				DEVELOPMENT_TEAM = XJMY4FG26P;
				ENABLE_PREVIEWS = YES;
				INFOPLIST_FILE = Einkaufsliste/Info.plist;
				IPHONEOS_DEPLOYMENT_TARGET = 14.0;
				LD_RUNPATH_SEARCH_PATHS = (
					"$(inherited)",
					"@executable_path/Frameworks",
				);
				PRODUCT_BUNDLE_IDENTIFIER = com.frederikvdveen.Einkaufsliste;
				PRODUCT_NAME = "$(TARGET_NAME)";
				SWIFT_VERSION = 5.0;
				TARGETED_DEVICE_FAMILY = "1,2";
			};
			name = Release;
		};
		FF467E1D257E5F3B005C8F97 /* Debug */ = {
			isa = XCBuildConfiguration;
			buildSettings = {
				ALWAYS_EMBED_SWIFT_STANDARD_LIBRARIES = YES;
				BUNDLE_LOADER = "$(TEST_HOST)";
				CODE_SIGN_STYLE = Automatic;
				INFOPLIST_FILE = EinkaufslisteTests/Info.plist;
				IPHONEOS_DEPLOYMENT_TARGET = 14.0;
				LD_RUNPATH_SEARCH_PATHS = (
					"$(inherited)",
					"@executable_path/Frameworks",
					"@loader_path/Frameworks",
				);
				PRODUCT_BUNDLE_IDENTIFIER = com.frederikvdveen.EinkaufslisteTests;
				PRODUCT_NAME = "$(TARGET_NAME)";
				SWIFT_VERSION = 5.0;
				TARGETED_DEVICE_FAMILY = "1,2";
				TEST_HOST = "$(BUILT_PRODUCTS_DIR)/Einkaufsliste.app/Einkaufsliste";
			};
			name = Debug;
		};
		FF467E1E257E5F3B005C8F97 /* Release */ = {
			isa = XCBuildConfiguration;
			buildSettings = {
				ALWAYS_EMBED_SWIFT_STANDARD_LIBRARIES = YES;
				BUNDLE_LOADER = "$(TEST_HOST)";
				CODE_SIGN_STYLE = Automatic;
				INFOPLIST_FILE = EinkaufslisteTests/Info.plist;
				IPHONEOS_DEPLOYMENT_TARGET = 14.0;
				LD_RUNPATH_SEARCH_PATHS = (
					"$(inherited)",
					"@executable_path/Frameworks",
					"@loader_path/Frameworks",
				);
				PRODUCT_BUNDLE_IDENTIFIER = com.frederikvdveen.EinkaufslisteTests;
				PRODUCT_NAME = "$(TARGET_NAME)";
				SWIFT_VERSION = 5.0;
				TARGETED_DEVICE_FAMILY = "1,2";
				TEST_HOST = "$(BUILT_PRODUCTS_DIR)/Einkaufsliste.app/Einkaufsliste";
			};
			name = Release;
		};
		FF467E20257E5F3B005C8F97 /* Debug */ = {
			isa = XCBuildConfiguration;
			buildSettings = {
				ALWAYS_EMBED_SWIFT_STANDARD_LIBRARIES = YES;
				CODE_SIGN_STYLE = Automatic;
				INFOPLIST_FILE = EinkaufslisteUITests/Info.plist;
				LD_RUNPATH_SEARCH_PATHS = (
					"$(inherited)",
					"@executable_path/Frameworks",
					"@loader_path/Frameworks",
				);
				PRODUCT_BUNDLE_IDENTIFIER = com.frederikvdveen.EinkaufslisteUITests;
				PRODUCT_NAME = "$(TARGET_NAME)";
				SWIFT_VERSION = 5.0;
				TARGETED_DEVICE_FAMILY = "1,2";
				TEST_TARGET_NAME = Einkaufsliste;
			};
			name = Debug;
		};
		FF467E21257E5F3B005C8F97 /* Release */ = {
			isa = XCBuildConfiguration;
			buildSettings = {
				ALWAYS_EMBED_SWIFT_STANDARD_LIBRARIES = YES;
				CODE_SIGN_STYLE = Automatic;
				INFOPLIST_FILE = EinkaufslisteUITests/Info.plist;
				LD_RUNPATH_SEARCH_PATHS = (
					"$(inherited)",
					"@executable_path/Frameworks",
					"@loader_path/Frameworks",
				);
				PRODUCT_BUNDLE_IDENTIFIER = com.frederikvdveen.EinkaufslisteUITests;
				PRODUCT_NAME = "$(TARGET_NAME)";
				SWIFT_VERSION = 5.0;
				TARGETED_DEVICE_FAMILY = "1,2";
				TEST_TARGET_NAME = Einkaufsliste;
			};
			name = Release;
		};
/* End XCBuildConfiguration section */

/* Begin XCConfigurationList section */
		FF467DEF257E5F3A005C8F97 /* Build configuration list for PBXProject "Einkaufsliste" */ = {
			isa = XCConfigurationList;
			buildConfigurations = (
				FF467E17257E5F3B005C8F97 /* Debug */,
				FF467E18257E5F3B005C8F97 /* Release */,
			);
			defaultConfigurationIsVisible = 0;
			defaultConfigurationName = Release;
		};
		FF467E19257E5F3B005C8F97 /* Build configuration list for PBXNativeTarget "Einkaufsliste" */ = {
			isa = XCConfigurationList;
			buildConfigurations = (
				FF467E1A257E5F3B005C8F97 /* Debug */,
				FF467E1B257E5F3B005C8F97 /* Release */,
			);
			defaultConfigurationIsVisible = 0;
			defaultConfigurationName = Release;
		};
		FF467E1C257E5F3B005C8F97 /* Build configuration list for PBXNativeTarget "EinkaufslisteTests" */ = {
			isa = XCConfigurationList;
			buildConfigurations = (
				FF467E1D257E5F3B005C8F97 /* Debug */,
				FF467E1E257E5F3B005C8F97 /* Release */,
			);
			defaultConfigurationIsVisible = 0;
			defaultConfigurationName = Release;
		};
		FF467E1F257E5F3B005C8F97 /* Build configuration list for PBXNativeTarget "EinkaufslisteUITests" */ = {
			isa = XCConfigurationList;
			buildConfigurations = (
				FF467E20257E5F3B005C8F97 /* Debug */,
				FF467E21257E5F3B005C8F97 /* Release */,
			);
			defaultConfigurationIsVisible = 0;
			defaultConfigurationName = Release;
		};
/* End XCConfigurationList section */
	};
	rootObject = FF467DEC257E5F3A005C8F97 /* Project object */;
}
